// !$*UTF8*$!
{
	archiveVersion = 1;
	classes = {
	};
	objectVersion = 56;
	objects = {

/* Begin PBXBuildFile section */
		93477A5A2C7CABD000A72BD7 /* BareMinimumTrackerApp.swift in Sources */ = {isa = PBXBuildFile; fileRef = 93477A592C7CABD000A72BD7 /* BareMinimumTrackerApp.swift */; };
		93477A602C7CABD200A72BD7 /* Assets.xcassets in Resources */ = {isa = PBXBuildFile; fileRef = 93477A5F2C7CABD200A72BD7 /* Assets.xcassets */; };
		93477A632C7CABD200A72BD7 /* Preview Assets.xcassets in Resources */ = {isa = PBXBuildFile; fileRef = 93477A622C7CABD200A72BD7 /* Preview Assets.xcassets */; };
		93477A6D2C7CABD200A72BD7 /* BareMinimumTrackerTests.swift in Sources */ = {isa = PBXBuildFile; fileRef = 93477A6C2C7CABD200A72BD7 /* BareMinimumTrackerTests.swift */; };
		93477A772C7CABD200A72BD7 /* BareMinimumTrackerUITests.swift in Sources */ = {isa = PBXBuildFile; fileRef = 93477A762C7CABD200A72BD7 /* BareMinimumTrackerUITests.swift */; };
		93477A792C7CABD200A72BD7 /* BareMinimumTrackerUITestsLaunchTests.swift in Sources */ = {isa = PBXBuildFile; fileRef = 93477A782C7CABD200A72BD7 /* BareMinimumTrackerUITestsLaunchTests.swift */; };
		93477A962C7CBA4400A72BD7 /* User.swift in Sources */ = {isa = PBXBuildFile; fileRef = 93477A952C7CBA4400A72BD7 /* User.swift */; };
		93477A982C7CBA4F00A72BD7 /* SupabaseManager.swift in Sources */ = {isa = PBXBuildFile; fileRef = 93477A972C7CBA4F00A72BD7 /* SupabaseManager.swift */; };
		93477A9A2C7CBA5A00A72BD7 /* LoginView.swift in Sources */ = {isa = PBXBuildFile; fileRef = 93477A992C7CBA5A00A72BD7 /* LoginView.swift */; };
		93477A9C2C7CBA6300A72BD7 /* Home.swift in Sources */ = {isa = PBXBuildFile; fileRef = 93477A9B2C7CBA6300A72BD7 /* Home.swift */; };
		93477AA02C7CBB3A00A72BD7 /* Auth in Frameworks */ = {isa = PBXBuildFile; productRef = 93477A9F2C7CBB3A00A72BD7 /* Auth */; };
		93477AA22C7CBB3A00A72BD7 /* Functions in Frameworks */ = {isa = PBXBuildFile; productRef = 93477AA12C7CBB3A00A72BD7 /* Functions */; };
		93477AA42C7CBB3B00A72BD7 /* PostgREST in Frameworks */ = {isa = PBXBuildFile; productRef = 93477AA32C7CBB3B00A72BD7 /* PostgREST */; };
		93477AA62C7CBB3B00A72BD7 /* Realtime in Frameworks */ = {isa = PBXBuildFile; productRef = 93477AA52C7CBB3B00A72BD7 /* Realtime */; };
		93477AA82C7CBB3B00A72BD7 /* Storage in Frameworks */ = {isa = PBXBuildFile; productRef = 93477AA72C7CBB3B00A72BD7 /* Storage */; };
		93477AAA2C7CBB3B00A72BD7 /* Supabase in Frameworks */ = {isa = PBXBuildFile; productRef = 93477AA92C7CBB3B00A72BD7 /* Supabase */; };
		93477AAC2C7CC0C100A72BD7 /* Secrets.plist in Resources */ = {isa = PBXBuildFile; fileRef = 93477AAB2C7CC0C100A72BD7 /* Secrets.plist */; };
		93477AB02C7CC13100A72BD7 /* SecretsManager.swift in Sources */ = {isa = PBXBuildFile; fileRef = 93477AAF2C7CC13100A72BD7 /* SecretsManager.swift */; };
/* End PBXBuildFile section */

/* Begin PBXContainerItemProxy section */
		93477A692C7CABD200A72BD7 /* PBXContainerItemProxy */ = {
			isa = PBXContainerItemProxy;
			containerPortal = 93477A4E2C7CABD000A72BD7 /* Project object */;
			proxyType = 1;
			remoteGlobalIDString = 93477A552C7CABD000A72BD7;
			remoteInfo = BareMinimumTracker;
		};
		93477A732C7CABD200A72BD7 /* PBXContainerItemProxy */ = {
			isa = PBXContainerItemProxy;
			containerPortal = 93477A4E2C7CABD000A72BD7 /* Project object */;
			proxyType = 1;
			remoteGlobalIDString = 93477A552C7CABD000A72BD7;
			remoteInfo = BareMinimumTracker;
		};
/* End PBXContainerItemProxy section */

/* Begin PBXFileReference section */
		93477A562C7CABD000A72BD7 /* BareMinimumTracker.app */ = {isa = PBXFileReference; explicitFileType = wrapper.application; includeInIndex = 0; path = BareMinimumTracker.app; sourceTree = BUILT_PRODUCTS_DIR; };
		93477A592C7CABD000A72BD7 /* BareMinimumTrackerApp.swift */ = {isa = PBXFileReference; lastKnownFileType = sourcecode.swift; path = BareMinimumTrackerApp.swift; sourceTree = "<group>"; };
		93477A5F2C7CABD200A72BD7 /* Assets.xcassets */ = {isa = PBXFileReference; lastKnownFileType = folder.assetcatalog; path = Assets.xcassets; sourceTree = "<group>"; };
		93477A622C7CABD200A72BD7 /* Preview Assets.xcassets */ = {isa = PBXFileReference; lastKnownFileType = folder.assetcatalog; path = "Preview Assets.xcassets"; sourceTree = "<group>"; };
		93477A682C7CABD200A72BD7 /* BareMinimumTrackerTests.xctest */ = {isa = PBXFileReference; explicitFileType = wrapper.cfbundle; includeInIndex = 0; path = BareMinimumTrackerTests.xctest; sourceTree = BUILT_PRODUCTS_DIR; };
		93477A6C2C7CABD200A72BD7 /* BareMinimumTrackerTests.swift */ = {isa = PBXFileReference; lastKnownFileType = sourcecode.swift; path = BareMinimumTrackerTests.swift; sourceTree = "<group>"; };
		93477A722C7CABD200A72BD7 /* BareMinimumTrackerUITests.xctest */ = {isa = PBXFileReference; explicitFileType = wrapper.cfbundle; includeInIndex = 0; path = BareMinimumTrackerUITests.xctest; sourceTree = BUILT_PRODUCTS_DIR; };
		93477A762C7CABD200A72BD7 /* BareMinimumTrackerUITests.swift */ = {isa = PBXFileReference; lastKnownFileType = sourcecode.swift; path = BareMinimumTrackerUITests.swift; sourceTree = "<group>"; };
		93477A782C7CABD200A72BD7 /* BareMinimumTrackerUITestsLaunchTests.swift */ = {isa = PBXFileReference; lastKnownFileType = sourcecode.swift; path = BareMinimumTrackerUITestsLaunchTests.swift; sourceTree = "<group>"; };
		93477A952C7CBA4400A72BD7 /* User.swift */ = {isa = PBXFileReference; lastKnownFileType = sourcecode.swift; path = User.swift; sourceTree = "<group>"; };
		93477A972C7CBA4F00A72BD7 /* SupabaseManager.swift */ = {isa = PBXFileReference; lastKnownFileType = sourcecode.swift; path = SupabaseManager.swift; sourceTree = "<group>"; };
		93477A992C7CBA5A00A72BD7 /* LoginView.swift */ = {isa = PBXFileReference; lastKnownFileType = sourcecode.swift; path = LoginView.swift; sourceTree = "<group>"; };
		93477A9B2C7CBA6300A72BD7 /* Home.swift */ = {isa = PBXFileReference; lastKnownFileType = sourcecode.swift; path = Home.swift; sourceTree = "<group>"; };
		93477AAB2C7CC0C100A72BD7 /* Secrets.plist */ = {isa = PBXFileReference; lastKnownFileType = text.plist.xml; path = Secrets.plist; sourceTree = "<group>"; };
		93477AAF2C7CC13100A72BD7 /* SecretsManager.swift */ = {isa = PBXFileReference; lastKnownFileType = sourcecode.swift; path = SecretsManager.swift; sourceTree = "<group>"; };
/* End PBXFileReference section */

/* Begin PBXFrameworksBuildPhase section */
		93477A532C7CABD000A72BD7 /* Frameworks */ = {
			isa = PBXFrameworksBuildPhase;
			buildActionMask = 2147483647;
			files = (
				93477AA42C7CBB3B00A72BD7 /* PostgREST in Frameworks */,
				93477AA22C7CBB3A00A72BD7 /* Functions in Frameworks */,
				93477AAA2C7CBB3B00A72BD7 /* Supabase in Frameworks */,
				93477AA02C7CBB3A00A72BD7 /* Auth in Frameworks */,
				93477AA82C7CBB3B00A72BD7 /* Storage in Frameworks */,
				93477AA62C7CBB3B00A72BD7 /* Realtime in Frameworks */,
			);
			runOnlyForDeploymentPostprocessing = 0;
		};
		93477A652C7CABD200A72BD7 /* Frameworks */ = {
			isa = PBXFrameworksBuildPhase;
			buildActionMask = 2147483647;
			files = (
			);
			runOnlyForDeploymentPostprocessing = 0;
		};
		93477A6F2C7CABD200A72BD7 /* Frameworks */ = {
			isa = PBXFrameworksBuildPhase;
			buildActionMask = 2147483647;
			files = (
			);
			runOnlyForDeploymentPostprocessing = 0;
		};
/* End PBXFrameworksBuildPhase section */

/* Begin PBXGroup section */
		93477A4D2C7CABD000A72BD7 = {
			isa = PBXGroup;
			children = (
				93477A902C7CB9ED00A72BD7 /* Models */,
				93477A8E2C7CB9ED00A72BD7 /* Network */,
				93477A8C2C7CB9ED00A72BD7 /* Views */,
				93477A582C7CABD000A72BD7 /* BareMinimumTracker */,
				93477A6B2C7CABD200A72BD7 /* BareMinimumTrackerTests */,
				93477A752C7CABD200A72BD7 /* BareMinimumTrackerUITests */,
				93477A572C7CABD000A72BD7 /* Products */,
				93477A9E2C7CBB3A00A72BD7 /* Frameworks */,
			);
			sourceTree = "<group>";
		};
		93477A572C7CABD000A72BD7 /* Products */ = {
			isa = PBXGroup;
			children = (
				93477A562C7CABD000A72BD7 /* BareMinimumTracker.app */,
				93477A682C7CABD200A72BD7 /* BareMinimumTrackerTests.xctest */,
				93477A722C7CABD200A72BD7 /* BareMinimumTrackerUITests.xctest */,
			);
			name = Products;
			sourceTree = "<group>";
		};
		93477A582C7CABD000A72BD7 /* BareMinimumTracker */ = {
			isa = PBXGroup;
			children = (
				93477A592C7CABD000A72BD7 /* BareMinimumTrackerApp.swift */,
				93477A5F2C7CABD200A72BD7 /* Assets.xcassets */,
				93477A612C7CABD200A72BD7 /* Preview Content */,
			);
			path = BareMinimumTracker;
			sourceTree = "<group>";
		};
		93477A612C7CABD200A72BD7 /* Preview Content */ = {
			isa = PBXGroup;
			children = (
				93477A622C7CABD200A72BD7 /* Preview Assets.xcassets */,
			);
			path = "Preview Content";
			sourceTree = "<group>";
		};
		93477A6B2C7CABD200A72BD7 /* BareMinimumTrackerTests */ = {
			isa = PBXGroup;
			children = (
				93477A6C2C7CABD200A72BD7 /* BareMinimumTrackerTests.swift */,
			);
			path = BareMinimumTrackerTests;
			sourceTree = "<group>";
		};
		93477A752C7CABD200A72BD7 /* BareMinimumTrackerUITests */ = {
			isa = PBXGroup;
			children = (
				93477A762C7CABD200A72BD7 /* BareMinimumTrackerUITests.swift */,
				93477A782C7CABD200A72BD7 /* BareMinimumTrackerUITestsLaunchTests.swift */,
			);
			path = BareMinimumTrackerUITests;
			sourceTree = "<group>";
		};
		93477A892C7CB9ED00A72BD7 /* Authentication */ = {
			isa = PBXGroup;
			children = (
				93477A992C7CBA5A00A72BD7 /* LoginView.swift */,
			);
			path = Authentication;
			sourceTree = "<group>";
		};
		93477A8B2C7CB9ED00A72BD7 /* Home */ = {
			isa = PBXGroup;
			children = (
				93477A9B2C7CBA6300A72BD7 /* Home.swift */,
			);
			path = Home;
			sourceTree = "<group>";
		};
		93477A8C2C7CB9ED00A72BD7 /* Views */ = {
			isa = PBXGroup;
			children = (
				93477A892C7CB9ED00A72BD7 /* Authentication */,
				93477A8B2C7CB9ED00A72BD7 /* Home */,
			);
			path = Views;
			sourceTree = "<group>";
		};
		93477A8E2C7CB9ED00A72BD7 /* Network */ = {
			isa = PBXGroup;
			children = (
				93477A972C7CBA4F00A72BD7 /* SupabaseManager.swift */,
				93477AAF2C7CC13100A72BD7 /* SecretsManager.swift */,
				93477AAB2C7CC0C100A72BD7 /* Secrets.plist */,
			);
			path = Network;
			sourceTree = "<group>";
		};
		93477A902C7CB9ED00A72BD7 /* Models */ = {
			isa = PBXGroup;
			children = (
				93477A952C7CBA4400A72BD7 /* User.swift */,
			);
			path = Models;
			sourceTree = "<group>";
		};
		93477A9E2C7CBB3A00A72BD7 /* Frameworks */ = {
			isa = PBXGroup;
			children = (
			);
			name = Frameworks;
			sourceTree = "<group>";
		};
/* End PBXGroup section */

/* Begin PBXNativeTarget section */
		93477A552C7CABD000A72BD7 /* BareMinimumTracker */ = {
			isa = PBXNativeTarget;
			buildConfigurationList = 93477A7C2C7CABD200A72BD7 /* Build configuration list for PBXNativeTarget "BareMinimumTracker" */;
			buildPhases = (
				93477A522C7CABD000A72BD7 /* Sources */,
				93477A532C7CABD000A72BD7 /* Frameworks */,
				93477A542C7CABD000A72BD7 /* Resources */,
			);
			buildRules = (
			);
			dependencies = (
			);
			name = BareMinimumTracker;
			packageProductDependencies = (
				93477A9F2C7CBB3A00A72BD7 /* Auth */,
				93477AA12C7CBB3A00A72BD7 /* Functions */,
				93477AA32C7CBB3B00A72BD7 /* PostgREST */,
				93477AA52C7CBB3B00A72BD7 /* Realtime */,
				93477AA72C7CBB3B00A72BD7 /* Storage */,
				93477AA92C7CBB3B00A72BD7 /* Supabase */,
			);
			productName = BareMinimumTracker;
			productReference = 93477A562C7CABD000A72BD7 /* BareMinimumTracker.app */;
			productType = "com.apple.product-type.application";
		};
		93477A672C7CABD200A72BD7 /* BareMinimumTrackerTests */ = {
			isa = PBXNativeTarget;
			buildConfigurationList = 93477A7F2C7CABD200A72BD7 /* Build configuration list for PBXNativeTarget "BareMinimumTrackerTests" */;
			buildPhases = (
				93477A642C7CABD200A72BD7 /* Sources */,
				93477A652C7CABD200A72BD7 /* Frameworks */,
				93477A662C7CABD200A72BD7 /* Resources */,
			);
			buildRules = (
			);
			dependencies = (
				93477A6A2C7CABD200A72BD7 /* PBXTargetDependency */,
			);
			name = BareMinimumTrackerTests;
			productName = BareMinimumTrackerTests;
			productReference = 93477A682C7CABD200A72BD7 /* BareMinimumTrackerTests.xctest */;
			productType = "com.apple.product-type.bundle.unit-test";
		};
		93477A712C7CABD200A72BD7 /* BareMinimumTrackerUITests */ = {
			isa = PBXNativeTarget;
			buildConfigurationList = 93477A822C7CABD200A72BD7 /* Build configuration list for PBXNativeTarget "BareMinimumTrackerUITests" */;
			buildPhases = (
				93477A6E2C7CABD200A72BD7 /* Sources */,
				93477A6F2C7CABD200A72BD7 /* Frameworks */,
				93477A702C7CABD200A72BD7 /* Resources */,
			);
			buildRules = (
			);
			dependencies = (
				93477A742C7CABD200A72BD7 /* PBXTargetDependency */,
			);
			name = BareMinimumTrackerUITests;
			productName = BareMinimumTrackerUITests;
			productReference = 93477A722C7CABD200A72BD7 /* BareMinimumTrackerUITests.xctest */;
			productType = "com.apple.product-type.bundle.ui-testing";
		};
/* End PBXNativeTarget section */

/* Begin PBXProject section */
		93477A4E2C7CABD000A72BD7 /* Project object */ = {
			isa = PBXProject;
			attributes = {
				BuildIndependentTargetsInParallel = 1;
				LastSwiftUpdateCheck = 1540;
				LastUpgradeCheck = 1540;
				TargetAttributes = {
					93477A552C7CABD000A72BD7 = {
						CreatedOnToolsVersion = 15.4;
					};
					93477A672C7CABD200A72BD7 = {
						CreatedOnToolsVersion = 15.4;
						TestTargetID = 93477A552C7CABD000A72BD7;
					};
					93477A712C7CABD200A72BD7 = {
						CreatedOnToolsVersion = 15.4;
						TestTargetID = 93477A552C7CABD000A72BD7;
					};
				};
			};
			buildConfigurationList = 93477A512C7CABD000A72BD7 /* Build configuration list for PBXProject "BareMinimumTracker" */;
			compatibilityVersion = "Xcode 14.0";
			developmentRegion = en;
			hasScannedForEncodings = 0;
			knownRegions = (
				en,
				Base,
			);
			mainGroup = 93477A4D2C7CABD000A72BD7;
			packageReferences = (
				93477A9D2C7CBADB00A72BD7 /* XCRemoteSwiftPackageReference "supabase-swift" */,
			);
			productRefGroup = 93477A572C7CABD000A72BD7 /* Products */;
			projectDirPath = "";
			projectRoot = "";
			targets = (
				93477A552C7CABD000A72BD7 /* BareMinimumTracker */,
				93477A672C7CABD200A72BD7 /* BareMinimumTrackerTests */,
				93477A712C7CABD200A72BD7 /* BareMinimumTrackerUITests */,
			);
		};
/* End PBXProject section */

/* Begin PBXResourcesBuildPhase section */
		93477A542C7CABD000A72BD7 /* Resources */ = {
			isa = PBXResourcesBuildPhase;
			buildActionMask = 2147483647;
			files = (
				93477A632C7CABD200A72BD7 /* Preview Assets.xcassets in Resources */,
				93477A602C7CABD200A72BD7 /* Assets.xcassets in Resources */,
				93477AAC2C7CC0C100A72BD7 /* Secrets.plist in Resources */,
			);
			runOnlyForDeploymentPostprocessing = 0;
		};
		93477A662C7CABD200A72BD7 /* Resources */ = {
			isa = PBXResourcesBuildPhase;
			buildActionMask = 2147483647;
			files = (
			);
			runOnlyForDeploymentPostprocessing = 0;
		};
		93477A702C7CABD200A72BD7 /* Resources */ = {
			isa = PBXResourcesBuildPhase;
			buildActionMask = 2147483647;
			files = (
			);
			runOnlyForDeploymentPostprocessing = 0;
		};
/* End PBXResourcesBuildPhase section */

/* Begin PBXSourcesBuildPhase section */
		93477A522C7CABD000A72BD7 /* Sources */ = {
			isa = PBXSourcesBuildPhase;
			buildActionMask = 2147483647;
			files = (
				93477A982C7CBA4F00A72BD7 /* SupabaseManager.swift in Sources */,
				93477A962C7CBA4400A72BD7 /* User.swift in Sources */,
				93477A9C2C7CBA6300A72BD7 /* Home.swift in Sources */,
				93477AB02C7CC13100A72BD7 /* SecretsManager.swift in Sources */,
				93477A9A2C7CBA5A00A72BD7 /* LoginView.swift in Sources */,
				93477A5A2C7CABD000A72BD7 /* BareMinimumTrackerApp.swift in Sources */,
			);
			runOnlyForDeploymentPostprocessing = 0;
		};
		93477A642C7CABD200A72BD7 /* Sources */ = {
			isa = PBXSourcesBuildPhase;
			buildActionMask = 2147483647;
			files = (
				93477A6D2C7CABD200A72BD7 /* BareMinimumTrackerTests.swift in Sources */,
			);
			runOnlyForDeploymentPostprocessing = 0;
		};
		93477A6E2C7CABD200A72BD7 /* Sources */ = {
			isa = PBXSourcesBuildPhase;
			buildActionMask = 2147483647;
			files = (
				93477A792C7CABD200A72BD7 /* BareMinimumTrackerUITestsLaunchTests.swift in Sources */,
				93477A772C7CABD200A72BD7 /* BareMinimumTrackerUITests.swift in Sources */,
			);
			runOnlyForDeploymentPostprocessing = 0;
		};
/* End PBXSourcesBuildPhase section */

/* Begin PBXTargetDependency section */
		93477A6A2C7CABD200A72BD7 /* PBXTargetDependency */ = {
			isa = PBXTargetDependency;
			target = 93477A552C7CABD000A72BD7 /* BareMinimumTracker */;
			targetProxy = 93477A692C7CABD200A72BD7 /* PBXContainerItemProxy */;
		};
		93477A742C7CABD200A72BD7 /* PBXTargetDependency */ = {
			isa = PBXTargetDependency;
			target = 93477A552C7CABD000A72BD7 /* BareMinimumTracker */;
			targetProxy = 93477A732C7CABD200A72BD7 /* PBXContainerItemProxy */;
		};
/* End PBXTargetDependency section */

/* Begin XCBuildConfiguration section */
		93477A7A2C7CABD200A72BD7 /* Debug */ = {
			isa = XCBuildConfiguration;
			buildSettings = {
				ALWAYS_SEARCH_USER_PATHS = NO;
				ASSETCATALOG_COMPILER_GENERATE_SWIFT_ASSET_SYMBOL_EXTENSIONS = YES;
				CLANG_ANALYZER_NONNULL = YES;
				CLANG_ANALYZER_NUMBER_OBJECT_CONVERSION = YES_AGGRESSIVE;
				CLANG_CXX_LANGUAGE_STANDARD = "gnu++20";
				CLANG_ENABLE_MODULES = YES;
				CLANG_ENABLE_OBJC_ARC = YES;
				CLANG_ENABLE_OBJC_WEAK = YES;
				CLANG_WARN_BLOCK_CAPTURE_AUTORELEASING = YES;
				CLANG_WARN_BOOL_CONVERSION = YES;
				CLANG_WARN_COMMA = YES;
				CLANG_WARN_CONSTANT_CONVERSION = YES;
				CLANG_WARN_DEPRECATED_OBJC_IMPLEMENTATIONS = YES;
				CLANG_WARN_DIRECT_OBJC_ISA_USAGE = YES_ERROR;
				CLANG_WARN_DOCUMENTATION_COMMENTS = YES;
				CLANG_WARN_EMPTY_BODY = YES;
				CLANG_WARN_ENUM_CONVERSION = YES;
				CLANG_WARN_INFINITE_RECURSION = YES;
				CLANG_WARN_INT_CONVERSION = YES;
				CLANG_WARN_NON_LITERAL_NULL_CONVERSION = YES;
				CLANG_WARN_OBJC_IMPLICIT_RETAIN_SELF = YES;
				CLANG_WARN_OBJC_LITERAL_CONVERSION = YES;
				CLANG_WARN_OBJC_ROOT_CLASS = YES_ERROR;
				CLANG_WARN_QUOTED_INCLUDE_IN_FRAMEWORK_HEADER = YES;
				CLANG_WARN_RANGE_LOOP_ANALYSIS = YES;
				CLANG_WARN_STRICT_PROTOTYPES = YES;
				CLANG_WARN_SUSPICIOUS_MOVE = YES;
				CLANG_WARN_UNGUARDED_AVAILABILITY = YES_AGGRESSIVE;
				CLANG_WARN_UNREACHABLE_CODE = YES;
				CLANG_WARN__DUPLICATE_METHOD_MATCH = YES;
				COPY_PHASE_STRIP = NO;
				DEBUG_INFORMATION_FORMAT = dwarf;
				ENABLE_STRICT_OBJC_MSGSEND = YES;
				ENABLE_TESTABILITY = YES;
				ENABLE_USER_SCRIPT_SANDBOXING = YES;
				GCC_C_LANGUAGE_STANDARD = gnu17;
				GCC_DYNAMIC_NO_PIC = NO;
				GCC_NO_COMMON_BLOCKS = YES;
				GCC_OPTIMIZATION_LEVEL = 0;
				GCC_PREPROCESSOR_DEFINITIONS = (
					"DEBUG=1",
					"$(inherited)",
				);
				GCC_WARN_64_TO_32_BIT_CONVERSION = YES;
				GCC_WARN_ABOUT_RETURN_TYPE = YES_ERROR;
				GCC_WARN_UNDECLARED_SELECTOR = YES;
				GCC_WARN_UNINITIALIZED_AUTOS = YES_AGGRESSIVE;
				GCC_WARN_UNUSED_FUNCTION = YES;
				GCC_WARN_UNUSED_VARIABLE = YES;
				IPHONEOS_DEPLOYMENT_TARGET = 17.5;
				LOCALIZATION_PREFERS_STRING_CATALOGS = YES;
				MTL_ENABLE_DEBUG_INFO = INCLUDE_SOURCE;
				MTL_FAST_MATH = YES;
				ONLY_ACTIVE_ARCH = YES;
				SDKROOT = iphoneos;
				SWIFT_ACTIVE_COMPILATION_CONDITIONS = "DEBUG $(inherited)";
				SWIFT_OPTIMIZATION_LEVEL = "-Onone";
			};
			name = Debug;
		};
		93477A7B2C7CABD200A72BD7 /* Release */ = {
			isa = XCBuildConfiguration;
			buildSettings = {
				ALWAYS_SEARCH_USER_PATHS = NO;
				ASSETCATALOG_COMPILER_GENERATE_SWIFT_ASSET_SYMBOL_EXTENSIONS = YES;
				CLANG_ANALYZER_NONNULL = YES;
				CLANG_ANALYZER_NUMBER_OBJECT_CONVERSION = YES_AGGRESSIVE;
				CLANG_CXX_LANGUAGE_STANDARD = "gnu++20";
				CLANG_ENABLE_MODULES = YES;
				CLANG_ENABLE_OBJC_ARC = YES;
				CLANG_ENABLE_OBJC_WEAK = YES;
				CLANG_WARN_BLOCK_CAPTURE_AUTORELEASING = YES;
				CLANG_WARN_BOOL_CONVERSION = YES;
				CLANG_WARN_COMMA = YES;
				CLANG_WARN_CONSTANT_CONVERSION = YES;
				CLANG_WARN_DEPRECATED_OBJC_IMPLEMENTATIONS = YES;
				CLANG_WARN_DIRECT_OBJC_ISA_USAGE = YES_ERROR;
				CLANG_WARN_DOCUMENTATION_COMMENTS = YES;
				CLANG_WARN_EMPTY_BODY = YES;
				CLANG_WARN_ENUM_CONVERSION = YES;
				CLANG_WARN_INFINITE_RECURSION = YES;
				CLANG_WARN_INT_CONVERSION = YES;
				CLANG_WARN_NON_LITERAL_NULL_CONVERSION = YES;
				CLANG_WARN_OBJC_IMPLICIT_RETAIN_SELF = YES;
				CLANG_WARN_OBJC_LITERAL_CONVERSION = YES;
				CLANG_WARN_OBJC_ROOT_CLASS = YES_ERROR;
				CLANG_WARN_QUOTED_INCLUDE_IN_FRAMEWORK_HEADER = YES;
				CLANG_WARN_RANGE_LOOP_ANALYSIS = YES;
				CLANG_WARN_STRICT_PROTOTYPES = YES;
				CLANG_WARN_SUSPICIOUS_MOVE = YES;
				CLANG_WARN_UNGUARDED_AVAILABILITY = YES_AGGRESSIVE;
				CLANG_WARN_UNREACHABLE_CODE = YES;
				CLANG_WARN__DUPLICATE_METHOD_MATCH = YES;
				COPY_PHASE_STRIP = NO;
				DEBUG_INFORMATION_FORMAT = "dwarf-with-dsym";
				ENABLE_NS_ASSERTIONS = NO;
				ENABLE_STRICT_OBJC_MSGSEND = YES;
				ENABLE_USER_SCRIPT_SANDBOXING = YES;
				GCC_C_LANGUAGE_STANDARD = gnu17;
				GCC_NO_COMMON_BLOCKS = YES;
				GCC_WARN_64_TO_32_BIT_CONVERSION = YES;
				GCC_WARN_ABOUT_RETURN_TYPE = YES_ERROR;
				GCC_WARN_UNDECLARED_SELECTOR = YES;
				GCC_WARN_UNINITIALIZED_AUTOS = YES_AGGRESSIVE;
				GCC_WARN_UNUSED_FUNCTION = YES;
				GCC_WARN_UNUSED_VARIABLE = YES;
				IPHONEOS_DEPLOYMENT_TARGET = 17.5;
				LOCALIZATION_PREFERS_STRING_CATALOGS = YES;
				MTL_ENABLE_DEBUG_INFO = NO;
				MTL_FAST_MATH = YES;
				SDKROOT = iphoneos;
				SWIFT_COMPILATION_MODE = wholemodule;
				VALIDATE_PRODUCT = YES;
			};
			name = Release;
		};
		93477A7D2C7CABD200A72BD7 /* Debug */ = {
			isa = XCBuildConfiguration;
			buildSettings = {
				ASSETCATALOG_COMPILER_APPICON_NAME = AppIcon;
				ASSETCATALOG_COMPILER_GLOBAL_ACCENT_COLOR_NAME = AccentColor;
				CODE_SIGN_STYLE = Automatic;
				CURRENT_PROJECT_VERSION = 1;
				DEVELOPMENT_ASSET_PATHS = "\"BareMinimumTracker/Preview Content\"";
				DEVELOPMENT_TEAM = 2SMX9NW82H;
				ENABLE_PREVIEWS = YES;
				GENERATE_INFOPLIST_FILE = YES;
				INFOPLIST_KEY_UIApplicationSceneManifest_Generation = YES;
				INFOPLIST_KEY_UIApplicationSupportsIndirectInputEvents = YES;
				INFOPLIST_KEY_UILaunchScreen_Generation = YES;
				INFOPLIST_KEY_UISupportedInterfaceOrientations_iPad = "UIInterfaceOrientationPortrait UIInterfaceOrientationPortraitUpsideDown UIInterfaceOrientationLandscapeLeft UIInterfaceOrientationLandscapeRight";
				INFOPLIST_KEY_UISupportedInterfaceOrientations_iPhone = "UIInterfaceOrientationPortrait UIInterfaceOrientationLandscapeLeft UIInterfaceOrientationLandscapeRight";
				LD_RUNPATH_SEARCH_PATHS = (
					"$(inherited)",
					"@executable_path/Frameworks",
				);
				MARKETING_VERSION = 1.0;
				PRODUCT_BUNDLE_IDENTIFIER = davinky.BareMinimumTracker;
				PRODUCT_NAME = "$(TARGET_NAME)";
				SWIFT_EMIT_LOC_STRINGS = YES;
				SWIFT_VERSION = 5.0;
				TARGETED_DEVICE_FAMILY = "1,2";
			};
			name = Debug;
		};
		93477A7E2C7CABD200A72BD7 /* Release */ = {
			isa = XCBuildConfiguration;
			buildSettings = {
				ASSETCATALOG_COMPILER_APPICON_NAME = AppIcon;
				ASSETCATALOG_COMPILER_GLOBAL_ACCENT_COLOR_NAME = AccentColor;
				CODE_SIGN_STYLE = Automatic;
				CURRENT_PROJECT_VERSION = 1;
				DEVELOPMENT_ASSET_PATHS = "\"BareMinimumTracker/Preview Content\"";
				DEVELOPMENT_TEAM = 2SMX9NW82H;
				ENABLE_PREVIEWS = YES;
				GENERATE_INFOPLIST_FILE = YES;
				INFOPLIST_KEY_UIApplicationSceneManifest_Generation = YES;
				INFOPLIST_KEY_UIApplicationSupportsIndirectInputEvents = YES;
				INFOPLIST_KEY_UILaunchScreen_Generation = YES;
				INFOPLIST_KEY_UISupportedInterfaceOrientations_iPad = "UIInterfaceOrientationPortrait UIInterfaceOrientationPortraitUpsideDown UIInterfaceOrientationLandscapeLeft UIInterfaceOrientationLandscapeRight";
				INFOPLIST_KEY_UISupportedInterfaceOrientations_iPhone = "UIInterfaceOrientationPortrait UIInterfaceOrientationLandscapeLeft UIInterfaceOrientationLandscapeRight";
				LD_RUNPATH_SEARCH_PATHS = (
					"$(inherited)",
					"@executable_path/Frameworks",
				);
				MARKETING_VERSION = 1.0;
				PRODUCT_BUNDLE_IDENTIFIER = davinky.BareMinimumTracker;
				PRODUCT_NAME = "$(TARGET_NAME)";
				SWIFT_EMIT_LOC_STRINGS = YES;
				SWIFT_VERSION = 5.0;
				TARGETED_DEVICE_FAMILY = "1,2";
			};
			name = Release;
		};
		93477A802C7CABD200A72BD7 /* Debug */ = {
			isa = XCBuildConfiguration;
			buildSettings = {
				ALWAYS_EMBED_SWIFT_STANDARD_LIBRARIES = YES;
				BUNDLE_LOADER = "$(TEST_HOST)";
				CODE_SIGN_STYLE = Automatic;
				CURRENT_PROJECT_VERSION = 1;
				DEVELOPMENT_TEAM = 2SMX9NW82H;
				GENERATE_INFOPLIST_FILE = YES;
				IPHONEOS_DEPLOYMENT_TARGET = 17.5;
				MARKETING_VERSION = 1.0;
				PRODUCT_BUNDLE_IDENTIFIER = davinky.BareMinimumTrackerTests;
				PRODUCT_NAME = "$(TARGET_NAME)";
				SWIFT_EMIT_LOC_STRINGS = NO;
				SWIFT_VERSION = 5.0;
				TARGETED_DEVICE_FAMILY = "1,2";
				TEST_HOST = "$(BUILT_PRODUCTS_DIR)/BareMinimumTracker.app/$(BUNDLE_EXECUTABLE_FOLDER_PATH)/BareMinimumTracker";
			};
			name = Debug;
		};
		93477A812C7CABD200A72BD7 /* Release */ = {
			isa = XCBuildConfiguration;
			buildSettings = {
				ALWAYS_EMBED_SWIFT_STANDARD_LIBRARIES = YES;
				BUNDLE_LOADER = "$(TEST_HOST)";
				CODE_SIGN_STYLE = Automatic;
				CURRENT_PROJECT_VERSION = 1;
				DEVELOPMENT_TEAM = 2SMX9NW82H;
				GENERATE_INFOPLIST_FILE = YES;
				IPHONEOS_DEPLOYMENT_TARGET = 17.5;
				MARKETING_VERSION = 1.0;
				PRODUCT_BUNDLE_IDENTIFIER = davinky.BareMinimumTrackerTests;
				PRODUCT_NAME = "$(TARGET_NAME)";
				SWIFT_EMIT_LOC_STRINGS = NO;
				SWIFT_VERSION = 5.0;
				TARGETED_DEVICE_FAMILY = "1,2";
				TEST_HOST = "$(BUILT_PRODUCTS_DIR)/BareMinimumTracker.app/$(BUNDLE_EXECUTABLE_FOLDER_PATH)/BareMinimumTracker";
			};
			name = Release;
		};
		93477A832C7CABD200A72BD7 /* Debug */ = {
			isa = XCBuildConfiguration;
			buildSettings = {
				ALWAYS_EMBED_SWIFT_STANDARD_LIBRARIES = YES;
				CODE_SIGN_STYLE = Automatic;
				CURRENT_PROJECT_VERSION = 1;
				DEVELOPMENT_TEAM = 2SMX9NW82H;
				GENERATE_INFOPLIST_FILE = YES;
				MARKETING_VERSION = 1.0;
				PRODUCT_BUNDLE_IDENTIFIER = davinky.BareMinimumTrackerUITests;
				PRODUCT_NAME = "$(TARGET_NAME)";
				SWIFT_EMIT_LOC_STRINGS = NO;
				SWIFT_VERSION = 5.0;
				TARGETED_DEVICE_FAMILY = "1,2";
				TEST_TARGET_NAME = BareMinimumTracker;
			};
			name = Debug;
		};
		93477A842C7CABD200A72BD7 /* Release */ = {
			isa = XCBuildConfiguration;
			buildSettings = {
				ALWAYS_EMBED_SWIFT_STANDARD_LIBRARIES = YES;
				CODE_SIGN_STYLE = Automatic;
				CURRENT_PROJECT_VERSION = 1;
				DEVELOPMENT_TEAM = 2SMX9NW82H;
				GENERATE_INFOPLIST_FILE = YES;
				MARKETING_VERSION = 1.0;
				PRODUCT_BUNDLE_IDENTIFIER = davinky.BareMinimumTrackerUITests;
				PRODUCT_NAME = "$(TARGET_NAME)";
				SWIFT_EMIT_LOC_STRINGS = NO;
				SWIFT_VERSION = 5.0;
				TARGETED_DEVICE_FAMILY = "1,2";
				TEST_TARGET_NAME = BareMinimumTracker;
			};
			name = Release;
		};
/* End XCBuildConfiguration section */

/* Begin XCConfigurationList section */
		93477A512C7CABD000A72BD7 /* Build configuration list for PBXProject "BareMinimumTracker" */ = {
			isa = XCConfigurationList;
			buildConfigurations = (
				93477A7A2C7CABD200A72BD7 /* Debug */,
				93477A7B2C7CABD200A72BD7 /* Release */,
			);
			defaultConfigurationIsVisible = 0;
			defaultConfigurationName = Release;
		};
		93477A7C2C7CABD200A72BD7 /* Build configuration list for PBXNativeTarget "BareMinimumTracker" */ = {
			isa = XCConfigurationList;
			buildConfigurations = (
				93477A7D2C7CABD200A72BD7 /* Debug */,
				93477A7E2C7CABD200A72BD7 /* Release */,
			);
			defaultConfigurationIsVisible = 0;
			defaultConfigurationName = Release;
		};
		93477A7F2C7CABD200A72BD7 /* Build configuration list for PBXNativeTarget "BareMinimumTrackerTests" */ = {
			isa = XCConfigurationList;
			buildConfigurations = (
				93477A802C7CABD200A72BD7 /* Debug */,
				93477A812C7CABD200A72BD7 /* Release */,
			);
			defaultConfigurationIsVisible = 0;
			defaultConfigurationName = Release;
		};
		93477A822C7CABD200A72BD7 /* Build configuration list for PBXNativeTarget "BareMinimumTrackerUITests" */ = {
			isa = XCConfigurationList;
			buildConfigurations = (
				93477A832C7CABD200A72BD7 /* Debug */,
				93477A842C7CABD200A72BD7 /* Release */,
			);
			defaultConfigurationIsVisible = 0;
			defaultConfigurationName = Release;
		};
/* End XCConfigurationList section */

/* Begin XCRemoteSwiftPackageReference section */
		93477A9D2C7CBADB00A72BD7 /* XCRemoteSwiftPackageReference "supabase-swift" */ = {
			isa = XCRemoteSwiftPackageReference;
			repositoryURL = "https://github.com/supabase-community/supabase-swift";
			requirement = {
				kind = upToNextMajorVersion;
				minimumVersion = 2.5.1;
			};
		};
/* End XCRemoteSwiftPackageReference section */

/* Begin XCSwiftPackageProductDependency section */
		93477A9F2C7CBB3A00A72BD7 /* Auth */ = {
			isa = XCSwiftPackageProductDependency;
			package = 93477A9D2C7CBADB00A72BD7 /* XCRemoteSwiftPackageReference "supabase-swift" */;
			productName = Auth;
		};
		93477AA12C7CBB3A00A72BD7 /* Functions */ = {
			isa = XCSwiftPackageProductDependency;
			package = 93477A9D2C7CBADB00A72BD7 /* XCRemoteSwiftPackageReference "supabase-swift" */;
			productName = Functions;
		};
		93477AA32C7CBB3B00A72BD7 /* PostgREST */ = {
			isa = XCSwiftPackageProductDependency;
			package = 93477A9D2C7CBADB00A72BD7 /* XCRemoteSwiftPackageReference "supabase-swift" */;
			productName = PostgREST;
		};
		93477AA52C7CBB3B00A72BD7 /* Realtime */ = {
			isa = XCSwiftPackageProductDependency;
			package = 93477A9D2C7CBADB00A72BD7 /* XCRemoteSwiftPackageReference "supabase-swift" */;
			productName = Realtime;
		};
		93477AA72C7CBB3B00A72BD7 /* Storage */ = {
			isa = XCSwiftPackageProductDependency;
			package = 93477A9D2C7CBADB00A72BD7 /* XCRemoteSwiftPackageReference "supabase-swift" */;
			productName = Storage;
		};
		93477AA92C7CBB3B00A72BD7 /* Supabase */ = {
			isa = XCSwiftPackageProductDependency;
			package = 93477A9D2C7CBADB00A72BD7 /* XCRemoteSwiftPackageReference "supabase-swift" */;
			productName = Supabase;
		};
/* End XCSwiftPackageProductDependency section */
	};
	rootObject = 93477A4E2C7CABD000A72BD7 /* Project object */;
}
